
Microsoft Visual Studio Solution File, Format Version 12.00
# Visual Studio Version 16
VisualStudioVersion = 16.0.29519.181
MinimumVisualStudioVersion = 10.0.40219.1
Project("{FAE04EC0-301F-11D3-BF4B-00C04F79EFBC}") = "Basyan Library", "Basyan Library\Basyan Library.csproj", "{CE8FB928-28E6-4F61-A6F0-14B00C584182}"
EndProject
Project("{FAE04EC0-301F-11D3-BF4B-00C04F79EFBC}") = "BLLibrary", "BLLibrary\BLLibrary.csproj", "{991FF71B-B7C8-412B-9E21-679082268414}"
EndProject
Project("{FAE04EC0-301F-11D3-BF4B-00C04F79EFBC}") = "BLService", "BLService\BLService.csproj", "{212111C1-9D30-44A0-A601-3F90E045DD99}"
EndProject
Global
	GlobalSection(SolutionConfigurationPlatforms) = preSolution
		Debug|Any CPU = Debug|Any CPU
		Release|Any CPU = Release|Any CPU
	EndGlobalSection
	GlobalSection(ProjectConfigurationPlatforms) = postSolution
		{CE8FB928-28E6-4F61-A6F0-14B00C584182}.Debug|Any CPU.ActiveCfg = Debug|Any CPU
		{CE8FB928-28E6-4F61-A6F0-14B00C584182}.Debug|Any CPU.Build.0 = Debug|Any CPU
		{CE8FB928-28E6-4F61-A6F0-14B00C584182}.Release|Any CPU.ActiveCfg = Release|Any CPU
		{CE8FB928-28E6-4F61-A6F0-14B00C584182}.Release|Any CPU.Build.0 = Release|Any CPU
		{991FF71B-B7C8-412B-9E21-679082268414}.Debug|Any CPU.ActiveCfg = Debug|Any CPU
		{991FF71B-B7C8-412B-9E21-679082268414}.Debug|Any CPU.Build.0 = Debug|Any CPU
		{991FF71B-B7C8-412B-9E21-679082268414}.Release|Any CPU.ActiveCfg = Release|Any CPU
		{991FF71B-B7C8-412B-9E21-679082268414}.Release|Any CPU.Build.0 = Release|Any CPU
		{212111C1-9D30-44A0-A601-3F90E045DD99}.Debug|Any CPU.ActiveCfg = Debug|Any CPU
		{212111C1-9D30-44A0-A601-3F90E045DD99}.Debug|Any CPU.Build.0 = Debug|Any CPU
		{212111C1-9D30-44A0-A601-3F90E045DD99}.Release|Any CPU.ActiveCfg = Release|Any CPU
		{212111C1-9D30-44A0-A601-3F90E045DD99}.Release|Any CPU.Build.0 = Release|Any CPU
	EndGlobalSection
	GlobalSection(SolutionProperties) = preSolution
		HideSolutionNode = FALSE
	EndGlobalSection
	GlobalSection(ExtensibilityGlobals) = postSolution
		SolutionGuid = {ABFA0117-E3AC-41EA-8116-EE4D4AA49B81}
	EndGlobalSection
EndGlobal
